
Microsoft Visual Studio Solution File, Format Version 12.00
# Visual Studio Version 16
VisualStudioVersion = 16.0.28531.58
MinimumVisualStudioVersion = 15.0.26124.0
Project("{9A19103F-16F7-4668-BE54-9A1E7A4F7556}") = "AnywhereChecklist.Entities", "AnywhereChecklist.Entities\AnywhereChecklist.Entities.csproj", "{1F507FCC-0825-49BD-B26D-3B44EA3A384B}"
EndProject
Project("{9A19103F-16F7-4668-BE54-9A1E7A4F7556}") = "AnywhereChecklist.Models", "AnywhereChecklist.Models\AnywhereChecklist.Models.csproj", "{A22AA6EC-1727-4D03-BBC8-859ED9D45785}"
EndProject
Project("{9A19103F-16F7-4668-BE54-9A1E7A4F7556}") = "AnywhereChecklist.Mapper", "AnywhereChecklist.Mapper\AnywhereChecklist.Mapper.csproj", "{1B209D9B-6289-474B-A0EB-65767C3739A4}"
EndProject
Project("{9A19103F-16F7-4668-BE54-9A1E7A4F7556}") = "AnywhereChecklist.Web.DataAccess", "AnywhereChecklist.Web.DataAccess\AnywhereChecklist.Web.DataAccess.csproj", "{47EF057E-1FA8-4FC6-9F59-7D1B000E10FB}"
EndProject
Project("{9A19103F-16F7-4668-BE54-9A1E7A4F7556}") = "AnywhereChecklist.Web.Business", "AnywhereChecklist.Web.Business\AnywhereChecklist.Web.Business.csproj", "{1970F855-4E5D-4CF1-8ABB-88FE8DF6DA3B}"
EndProject
Project("{9A19103F-16F7-4668-BE54-9A1E7A4F7556}") = "AnywhereChecklist.Web.Services", "AnywhereChecklist.Web.Services\AnywhereChecklist.Web.Services.csproj", "{4EFF19D9-1C80-40B5-B494-C65F43790A7A}"
EndProject
Project("{9A19103F-16F7-4668-BE54-9A1E7A4F7556}") = "AnywhereChecklist.Web.Data", "AnywhereChecklist.Web.Data\AnywhereChecklist.Web.Data.csproj", "{CA54812E-E541-4107-A0E9-D2018B4BE0BC}"
EndProject
Project("{9A19103F-16F7-4668-BE54-9A1E7A4F7556}") = "AnywhereChecklist.Constants", "AnywhereChecklist.Constants\AnywhereChecklist.Constants.csproj", "{735CB1CA-4F74-4574-8A8A-C0FC9A292B37}"
EndProject
Project("{9A19103F-16F7-4668-BE54-9A1E7A4F7556}") = "AnywhereChecklist.Web.Migrations", "AnywhereChecklist.Web.Migrations\AnywhereChecklist.Web.Migrations.csproj", "{2435D17C-1642-4E5E-99DD-A982691314E1}"
EndProject
Project("{9A19103F-16F7-4668-BE54-9A1E7A4F7556}") = "AnywhereChecklist.Website", "AnywhereChecklist.Website\AnywhereChecklist.Website.csproj", "{57564391-A816-4420-A864-DA697FDA8EA7}"
EndProject
Project("{9A19103F-16F7-4668-BE54-9A1E7A4F7556}") = "AnywhereChecklist.Web.Helpers", "AnywhereChecklist.Web.Helpers\AnywhereChecklist.Web.Helpers.csproj", "{4634E945-AA5F-420B-B094-997A7CD20DC6}"
EndProject
Project("{9A19103F-16F7-4668-BE54-9A1E7A4F7556}") = "AnywhereChecklist.WebAPI", "AnywhereChecklist.WebAPI\AnywhereChecklist.WebAPI.csproj", "{0D1E94DE-41D7-404F-87AA-170BAB38A3EA}"
EndProject
Project("{FAE04EC0-301F-11D3-BF4B-00C04F79EFBC}") = "AnywhereChecklist.Apps.Android", "AnywhereChecklist.Apps\AnywhereChecklist.Apps.Android\AnywhereChecklist.Apps.Android.csproj", "{1A758430-29D2-4A03-8223-9C3CD270CC37}"
EndProject
Project("{FAE04EC0-301F-11D3-BF4B-00C04F79EFBC}") = "AnywhereChecklist.Apps.iOS", "AnywhereChecklist.Apps\AnywhereChecklist.Apps.iOS\AnywhereChecklist.Apps.iOS.csproj", "{414AFD61-EE66-40D4-A433-4BBCC41D703C}"
EndProject
Project("{9A19103F-16F7-4668-BE54-9A1E7A4F7556}") = "AnywhereChecklist.Apps", "AnywhereChecklist.Apps\AnywhereChecklist.Apps\AnywhereChecklist.Apps.csproj", "{C5C35DF8-BB24-4CFC-9D45-F6A9F559FBC4}"
EndProject
Global
	GlobalSection(SolutionConfigurationPlatforms) = preSolution
		Debug|Any CPU = Debug|Any CPU
		Debug|iPhone = Debug|iPhone
		Debug|iPhoneSimulator = Debug|iPhoneSimulator
		Debug|x64 = Debug|x64
		Debug|x86 = Debug|x86
		Release|Any CPU = Release|Any CPU
		Release|iPhone = Release|iPhone
		Release|iPhoneSimulator = Release|iPhoneSimulator
		Release|x64 = Release|x64
		Release|x86 = Release|x86
	EndGlobalSection
	GlobalSection(ProjectConfigurationPlatforms) = postSolution
		{1F507FCC-0825-49BD-B26D-3B44EA3A384B}.Debug|Any CPU.ActiveCfg = Debug|Any CPU
		{1F507FCC-0825-49BD-B26D-3B44EA3A384B}.Debug|Any CPU.Build.0 = Debug|Any CPU
		{1F507FCC-0825-49BD-B26D-3B44EA3A384B}.Debug|iPhone.ActiveCfg = Debug|Any CPU
		{1F507FCC-0825-49BD-B26D-3B44EA3A384B}.Debug|iPhone.Build.0 = Debug|Any CPU
		{1F507FCC-0825-49BD-B26D-3B44EA3A384B}.Debug|iPhoneSimulator.ActiveCfg = Debug|Any CPU
		{1F507FCC-0825-49BD-B26D-3B44EA3A384B}.Debug|iPhoneSimulator.Build.0 = Debug|Any CPU
		{1F507FCC-0825-49BD-B26D-3B44EA3A384B}.Debug|x64.ActiveCfg = Debug|Any CPU
		{1F507FCC-0825-49BD-B26D-3B44EA3A384B}.Debug|x64.Build.0 = Debug|Any CPU
		{1F507FCC-0825-49BD-B26D-3B44EA3A384B}.Debug|x86.ActiveCfg = Debug|Any CPU
		{1F507FCC-0825-49BD-B26D-3B44EA3A384B}.Debug|x86.Build.0 = Debug|Any CPU
		{1F507FCC-0825-49BD-B26D-3B44EA3A384B}.Release|Any CPU.ActiveCfg = Release|Any CPU
		{1F507FCC-0825-49BD-B26D-3B44EA3A384B}.Release|Any CPU.Build.0 = Release|Any CPU
		{1F507FCC-0825-49BD-B26D-3B44EA3A384B}.Release|iPhone.ActiveCfg = Release|Any CPU
		{1F507FCC-0825-49BD-B26D-3B44EA3A384B}.Release|iPhone.Build.0 = Release|Any CPU
		{1F507FCC-0825-49BD-B26D-3B44EA3A384B}.Release|iPhoneSimulator.ActiveCfg = Release|Any CPU
		{1F507FCC-0825-49BD-B26D-3B44EA3A384B}.Release|iPhoneSimulator.Build.0 = Release|Any CPU
		{1F507FCC-0825-49BD-B26D-3B44EA3A384B}.Release|x64.ActiveCfg = Release|Any CPU
		{1F507FCC-0825-49BD-B26D-3B44EA3A384B}.Release|x64.Build.0 = Release|Any CPU
		{1F507FCC-0825-49BD-B26D-3B44EA3A384B}.Release|x86.ActiveCfg = Release|Any CPU
		{1F507FCC-0825-49BD-B26D-3B44EA3A384B}.Release|x86.Build.0 = Release|Any CPU
		{A22AA6EC-1727-4D03-BBC8-859ED9D45785}.Debug|Any CPU.ActiveCfg = Debug|Any CPU
		{A22AA6EC-1727-4D03-BBC8-859ED9D45785}.Debug|Any CPU.Build.0 = Debug|Any CPU
		{A22AA6EC-1727-4D03-BBC8-859ED9D45785}.Debug|iPhone.ActiveCfg = Debug|Any CPU
		{A22AA6EC-1727-4D03-BBC8-859ED9D45785}.Debug|iPhone.Build.0 = Debug|Any CPU
		{A22AA6EC-1727-4D03-BBC8-859ED9D45785}.Debug|iPhoneSimulator.ActiveCfg = Debug|Any CPU
		{A22AA6EC-1727-4D03-BBC8-859ED9D45785}.Debug|iPhoneSimulator.Build.0 = Debug|Any CPU
		{A22AA6EC-1727-4D03-BBC8-859ED9D45785}.Debug|x64.ActiveCfg = Debug|Any CPU
		{A22AA6EC-1727-4D03-BBC8-859ED9D45785}.Debug|x64.Build.0 = Debug|Any CPU
		{A22AA6EC-1727-4D03-BBC8-859ED9D45785}.Debug|x86.ActiveCfg = Debug|Any CPU
		{A22AA6EC-1727-4D03-BBC8-859ED9D45785}.Debug|x86.Build.0 = Debug|Any CPU
		{A22AA6EC-1727-4D03-BBC8-859ED9D45785}.Release|Any CPU.ActiveCfg = Release|Any CPU
		{A22AA6EC-1727-4D03-BBC8-859ED9D45785}.Release|Any CPU.Build.0 = Release|Any CPU
		{A22AA6EC-1727-4D03-BBC8-859ED9D45785}.Release|iPhone.ActiveCfg = Release|Any CPU
		{A22AA6EC-1727-4D03-BBC8-859ED9D45785}.Release|iPhone.Build.0 = Release|Any CPU
		{A22AA6EC-1727-4D03-BBC8-859ED9D45785}.Release|iPhoneSimulator.ActiveCfg = Release|Any CPU
		{A22AA6EC-1727-4D03-BBC8-859ED9D45785}.Release|iPhoneSimulator.Build.0 = Release|Any CPU
		{A22AA6EC-1727-4D03-BBC8-859ED9D45785}.Release|x64.ActiveCfg = Release|Any CPU
		{A22AA6EC-1727-4D03-BBC8-859ED9D45785}.Release|x64.Build.0 = Release|Any CPU
		{A22AA6EC-1727-4D03-BBC8-859ED9D45785}.Release|x86.ActiveCfg = Release|Any CPU
		{A22AA6EC-1727-4D03-BBC8-859ED9D45785}.Release|x86.Build.0 = Release|Any CPU
		{1B209D9B-6289-474B-A0EB-65767C3739A4}.Debug|Any CPU.ActiveCfg = Debug|Any CPU
		{1B209D9B-6289-474B-A0EB-65767C3739A4}.Debug|Any CPU.Build.0 = Debug|Any CPU
		{1B209D9B-6289-474B-A0EB-65767C3739A4}.Debug|iPhone.ActiveCfg = Debug|Any CPU
		{1B209D9B-6289-474B-A0EB-65767C3739A4}.Debug|iPhone.Build.0 = Debug|Any CPU
		{1B209D9B-6289-474B-A0EB-65767C3739A4}.Debug|iPhoneSimulator.ActiveCfg = Debug|Any CPU
		{1B209D9B-6289-474B-A0EB-65767C3739A4}.Debug|iPhoneSimulator.Build.0 = Debug|Any CPU
		{1B209D9B-6289-474B-A0EB-65767C3739A4}.Debug|x64.ActiveCfg = Debug|Any CPU
		{1B209D9B-6289-474B-A0EB-65767C3739A4}.Debug|x64.Build.0 = Debug|Any CPU
		{1B209D9B-6289-474B-A0EB-65767C3739A4}.Debug|x86.ActiveCfg = Debug|Any CPU
		{1B209D9B-6289-474B-A0EB-65767C3739A4}.Debug|x86.Build.0 = Debug|Any CPU
		{1B209D9B-6289-474B-A0EB-65767C3739A4}.Release|Any CPU.ActiveCfg = Release|Any CPU
		{1B209D9B-6289-474B-A0EB-65767C3739A4}.Release|Any CPU.Build.0 = Release|Any CPU
		{1B209D9B-6289-474B-A0EB-65767C3739A4}.Release|iPhone.ActiveCfg = Release|Any CPU
		{1B209D9B-6289-474B-A0EB-65767C3739A4}.Release|iPhone.Build.0 = Release|Any CPU
		{1B209D9B-6289-474B-A0EB-65767C3739A4}.Release|iPhoneSimulator.ActiveCfg = Release|Any CPU
		{1B209D9B-6289-474B-A0EB-65767C3739A4}.Release|iPhoneSimulator.Build.0 = Release|Any CPU
		{1B209D9B-6289-474B-A0EB-65767C3739A4}.Release|x64.ActiveCfg = Release|Any CPU
		{1B209D9B-6289-474B-A0EB-65767C3739A4}.Release|x64.Build.0 = Release|Any CPU
		{1B209D9B-6289-474B-A0EB-65767C3739A4}.Release|x86.ActiveCfg = Release|Any CPU
		{1B209D9B-6289-474B-A0EB-65767C3739A4}.Release|x86.Build.0 = Release|Any CPU
		{47EF057E-1FA8-4FC6-9F59-7D1B000E10FB}.Debug|Any CPU.ActiveCfg = Debug|Any CPU
		{47EF057E-1FA8-4FC6-9F59-7D1B000E10FB}.Debug|Any CPU.Build.0 = Debug|Any CPU
		{47EF057E-1FA8-4FC6-9F59-7D1B000E10FB}.Debug|iPhone.ActiveCfg = Debug|Any CPU
		{47EF057E-1FA8-4FC6-9F59-7D1B000E10FB}.Debug|iPhone.Build.0 = Debug|Any CPU
		{47EF057E-1FA8-4FC6-9F59-7D1B000E10FB}.Debug|iPhoneSimulator.ActiveCfg = Debug|Any CPU
		{47EF057E-1FA8-4FC6-9F59-7D1B000E10FB}.Debug|iPhoneSimulator.Build.0 = Debug|Any CPU
		{47EF057E-1FA8-4FC6-9F59-7D1B000E10FB}.Debug|x64.ActiveCfg = Debug|Any CPU
		{47EF057E-1FA8-4FC6-9F59-7D1B000E10FB}.Debug|x64.Build.0 = Debug|Any CPU
		{47EF057E-1FA8-4FC6-9F59-7D1B000E10FB}.Debug|x86.ActiveCfg = Debug|Any CPU
		{47EF057E-1FA8-4FC6-9F59-7D1B000E10FB}.Debug|x86.Build.0 = Debug|Any CPU
		{47EF057E-1FA8-4FC6-9F59-7D1B000E10FB}.Release|Any CPU.ActiveCfg = Release|Any CPU
		{47EF057E-1FA8-4FC6-9F59-7D1B000E10FB}.Release|Any CPU.Build.0 = Release|Any CPU
		{47EF057E-1FA8-4FC6-9F59-7D1B000E10FB}.Release|iPhone.ActiveCfg = Release|Any CPU
		{47EF057E-1FA8-4FC6-9F59-7D1B000E10FB}.Release|iPhone.Build.0 = Release|Any CPU
		{47EF057E-1FA8-4FC6-9F59-7D1B000E10FB}.Release|iPhoneSimulator.ActiveCfg = Release|Any CPU
		{47EF057E-1FA8-4FC6-9F59-7D1B000E10FB}.Release|iPhoneSimulator.Build.0 = Release|Any CPU
		{47EF057E-1FA8-4FC6-9F59-7D1B000E10FB}.Release|x64.ActiveCfg = Release|Any CPU
		{47EF057E-1FA8-4FC6-9F59-7D1B000E10FB}.Release|x64.Build.0 = Release|Any CPU
		{47EF057E-1FA8-4FC6-9F59-7D1B000E10FB}.Release|x86.ActiveCfg = Release|Any CPU
		{47EF057E-1FA8-4FC6-9F59-7D1B000E10FB}.Release|x86.Build.0 = Release|Any CPU
		{1970F855-4E5D-4CF1-8ABB-88FE8DF6DA3B}.Debug|Any CPU.ActiveCfg = Debug|Any CPU
		{1970F855-4E5D-4CF1-8ABB-88FE8DF6DA3B}.Debug|Any CPU.Build.0 = Debug|Any CPU
		{1970F855-4E5D-4CF1-8ABB-88FE8DF6DA3B}.Debug|iPhone.ActiveCfg = Debug|Any CPU
		{1970F855-4E5D-4CF1-8ABB-88FE8DF6DA3B}.Debug|iPhone.Build.0 = Debug|Any CPU
		{1970F855-4E5D-4CF1-8ABB-88FE8DF6DA3B}.Debug|iPhoneSimulator.ActiveCfg = Debug|Any CPU
		{1970F855-4E5D-4CF1-8ABB-88FE8DF6DA3B}.Debug|iPhoneSimulator.Build.0 = Debug|Any CPU
		{1970F855-4E5D-4CF1-8ABB-88FE8DF6DA3B}.Debug|x64.ActiveCfg = Debug|Any CPU
		{1970F855-4E5D-4CF1-8ABB-88FE8DF6DA3B}.Debug|x64.Build.0 = Debug|Any CPU
		{1970F855-4E5D-4CF1-8ABB-88FE8DF6DA3B}.Debug|x86.ActiveCfg = Debug|Any CPU
		{1970F855-4E5D-4CF1-8ABB-88FE8DF6DA3B}.Debug|x86.Build.0 = Debug|Any CPU
		{1970F855-4E5D-4CF1-8ABB-88FE8DF6DA3B}.Release|Any CPU.ActiveCfg = Release|Any CPU
		{1970F855-4E5D-4CF1-8ABB-88FE8DF6DA3B}.Release|Any CPU.Build.0 = Release|Any CPU
		{1970F855-4E5D-4CF1-8ABB-88FE8DF6DA3B}.Release|iPhone.ActiveCfg = Release|Any CPU
		{1970F855-4E5D-4CF1-8ABB-88FE8DF6DA3B}.Release|iPhone.Build.0 = Release|Any CPU
		{1970F855-4E5D-4CF1-8ABB-88FE8DF6DA3B}.Release|iPhoneSimulator.ActiveCfg = Release|Any CPU
		{1970F855-4E5D-4CF1-8ABB-88FE8DF6DA3B}.Release|iPhoneSimulator.Build.0 = Release|Any CPU
		{1970F855-4E5D-4CF1-8ABB-88FE8DF6DA3B}.Release|x64.ActiveCfg = Release|Any CPU
		{1970F855-4E5D-4CF1-8ABB-88FE8DF6DA3B}.Release|x64.Build.0 = Release|Any CPU
		{1970F855-4E5D-4CF1-8ABB-88FE8DF6DA3B}.Release|x86.ActiveCfg = Release|Any CPU
		{1970F855-4E5D-4CF1-8ABB-88FE8DF6DA3B}.Release|x86.Build.0 = Release|Any CPU
		{4EFF19D9-1C80-40B5-B494-C65F43790A7A}.Debug|Any CPU.ActiveCfg = Debug|Any CPU
		{4EFF19D9-1C80-40B5-B494-C65F43790A7A}.Debug|Any CPU.Build.0 = Debug|Any CPU
		{4EFF19D9-1C80-40B5-B494-C65F43790A7A}.Debug|iPhone.ActiveCfg = Debug|Any CPU
		{4EFF19D9-1C80-40B5-B494-C65F43790A7A}.Debug|iPhone.Build.0 = Debug|Any CPU
		{4EFF19D9-1C80-40B5-B494-C65F43790A7A}.Debug|iPhoneSimulator.ActiveCfg = Debug|Any CPU
		{4EFF19D9-1C80-40B5-B494-C65F43790A7A}.Debug|iPhoneSimulator.Build.0 = Debug|Any CPU
		{4EFF19D9-1C80-40B5-B494-C65F43790A7A}.Debug|x64.ActiveCfg = Debug|Any CPU
		{4EFF19D9-1C80-40B5-B494-C65F43790A7A}.Debug|x64.Build.0 = Debug|Any CPU
		{4EFF19D9-1C80-40B5-B494-C65F43790A7A}.Debug|x86.ActiveCfg = Debug|Any CPU
		{4EFF19D9-1C80-40B5-B494-C65F43790A7A}.Debug|x86.Build.0 = Debug|Any CPU
		{4EFF19D9-1C80-40B5-B494-C65F43790A7A}.Release|Any CPU.ActiveCfg = Release|Any CPU
		{4EFF19D9-1C80-40B5-B494-C65F43790A7A}.Release|Any CPU.Build.0 = Release|Any CPU
		{4EFF19D9-1C80-40B5-B494-C65F43790A7A}.Release|iPhone.ActiveCfg = Release|Any CPU
		{4EFF19D9-1C80-40B5-B494-C65F43790A7A}.Release|iPhone.Build.0 = Release|Any CPU
		{4EFF19D9-1C80-40B5-B494-C65F43790A7A}.Release|iPhoneSimulator.ActiveCfg = Release|Any CPU
		{4EFF19D9-1C80-40B5-B494-C65F43790A7A}.Release|iPhoneSimulator.Build.0 = Release|Any CPU
		{4EFF19D9-1C80-40B5-B494-C65F43790A7A}.Release|x64.ActiveCfg = Release|Any CPU
		{4EFF19D9-1C80-40B5-B494-C65F43790A7A}.Release|x64.Build.0 = Release|Any CPU
		{4EFF19D9-1C80-40B5-B494-C65F43790A7A}.Release|x86.ActiveCfg = Release|Any CPU
		{4EFF19D9-1C80-40B5-B494-C65F43790A7A}.Release|x86.Build.0 = Release|Any CPU
		{CA54812E-E541-4107-A0E9-D2018B4BE0BC}.Debug|Any CPU.ActiveCfg = Debug|Any CPU
		{CA54812E-E541-4107-A0E9-D2018B4BE0BC}.Debug|Any CPU.Build.0 = Debug|Any CPU
		{CA54812E-E541-4107-A0E9-D2018B4BE0BC}.Debug|iPhone.ActiveCfg = Debug|Any CPU
		{CA54812E-E541-4107-A0E9-D2018B4BE0BC}.Debug|iPhone.Build.0 = Debug|Any CPU
		{CA54812E-E541-4107-A0E9-D2018B4BE0BC}.Debug|iPhoneSimulator.ActiveCfg = Debug|Any CPU
		{CA54812E-E541-4107-A0E9-D2018B4BE0BC}.Debug|iPhoneSimulator.Build.0 = Debug|Any CPU
		{CA54812E-E541-4107-A0E9-D2018B4BE0BC}.Debug|x64.ActiveCfg = Debug|Any CPU
		{CA54812E-E541-4107-A0E9-D2018B4BE0BC}.Debug|x64.Build.0 = Debug|Any CPU
		{CA54812E-E541-4107-A0E9-D2018B4BE0BC}.Debug|x86.ActiveCfg = Debug|Any CPU
		{CA54812E-E541-4107-A0E9-D2018B4BE0BC}.Debug|x86.Build.0 = Debug|Any CPU
		{CA54812E-E541-4107-A0E9-D2018B4BE0BC}.Release|Any CPU.ActiveCfg = Release|Any CPU
		{CA54812E-E541-4107-A0E9-D2018B4BE0BC}.Release|Any CPU.Build.0 = Release|Any CPU
		{CA54812E-E541-4107-A0E9-D2018B4BE0BC}.Release|iPhone.ActiveCfg = Release|Any CPU
		{CA54812E-E541-4107-A0E9-D2018B4BE0BC}.Release|iPhone.Build.0 = Release|Any CPU
		{CA54812E-E541-4107-A0E9-D2018B4BE0BC}.Release|iPhoneSimulator.ActiveCfg = Release|Any CPU
		{CA54812E-E541-4107-A0E9-D2018B4BE0BC}.Release|iPhoneSimulator.Build.0 = Release|Any CPU
		{CA54812E-E541-4107-A0E9-D2018B4BE0BC}.Release|x64.ActiveCfg = Release|Any CPU
		{CA54812E-E541-4107-A0E9-D2018B4BE0BC}.Release|x64.Build.0 = Release|Any CPU
		{CA54812E-E541-4107-A0E9-D2018B4BE0BC}.Release|x86.ActiveCfg = Release|Any CPU
		{CA54812E-E541-4107-A0E9-D2018B4BE0BC}.Release|x86.Build.0 = Release|Any CPU
		{735CB1CA-4F74-4574-8A8A-C0FC9A292B37}.Debug|Any CPU.ActiveCfg = Debug|Any CPU
		{735CB1CA-4F74-4574-8A8A-C0FC9A292B37}.Debug|Any CPU.Build.0 = Debug|Any CPU
		{735CB1CA-4F74-4574-8A8A-C0FC9A292B37}.Debug|iPhone.ActiveCfg = Debug|Any CPU
		{735CB1CA-4F74-4574-8A8A-C0FC9A292B37}.Debug|iPhone.Build.0 = Debug|Any CPU
		{735CB1CA-4F74-4574-8A8A-C0FC9A292B37}.Debug|iPhoneSimulator.ActiveCfg = Debug|Any CPU
		{735CB1CA-4F74-4574-8A8A-C0FC9A292B37}.Debug|iPhoneSimulator.Build.0 = Debug|Any CPU
		{735CB1CA-4F74-4574-8A8A-C0FC9A292B37}.Debug|x64.ActiveCfg = Debug|Any CPU
		{735CB1CA-4F74-4574-8A8A-C0FC9A292B37}.Debug|x64.Build.0 = Debug|Any CPU
		{735CB1CA-4F74-4574-8A8A-C0FC9A292B37}.Debug|x86.ActiveCfg = Debug|Any CPU
		{735CB1CA-4F74-4574-8A8A-C0FC9A292B37}.Debug|x86.Build.0 = Debug|Any CPU
		{735CB1CA-4F74-4574-8A8A-C0FC9A292B37}.Release|Any CPU.ActiveCfg = Release|Any CPU
		{735CB1CA-4F74-4574-8A8A-C0FC9A292B37}.Release|Any CPU.Build.0 = Release|Any CPU
		{735CB1CA-4F74-4574-8A8A-C0FC9A292B37}.Release|iPhone.ActiveCfg = Release|Any CPU
		{735CB1CA-4F74-4574-8A8A-C0FC9A292B37}.Release|iPhone.Build.0 = Release|Any CPU
		{735CB1CA-4F74-4574-8A8A-C0FC9A292B37}.Release|iPhoneSimulator.ActiveCfg = Release|Any CPU
		{735CB1CA-4F74-4574-8A8A-C0FC9A292B37}.Release|iPhoneSimulator.Build.0 = Release|Any CPU
		{735CB1CA-4F74-4574-8A8A-C0FC9A292B37}.Release|x64.ActiveCfg = Release|Any CPU
		{735CB1CA-4F74-4574-8A8A-C0FC9A292B37}.Release|x64.Build.0 = Release|Any CPU
		{735CB1CA-4F74-4574-8A8A-C0FC9A292B37}.Release|x86.ActiveCfg = Release|Any CPU
		{735CB1CA-4F74-4574-8A8A-C0FC9A292B37}.Release|x86.Build.0 = Release|Any CPU
		{2435D17C-1642-4E5E-99DD-A982691314E1}.Debug|Any CPU.ActiveCfg = Debug|Any CPU
		{2435D17C-1642-4E5E-99DD-A982691314E1}.Debug|Any CPU.Build.0 = Debug|Any CPU
		{2435D17C-1642-4E5E-99DD-A982691314E1}.Debug|iPhone.ActiveCfg = Debug|Any CPU
		{2435D17C-1642-4E5E-99DD-A982691314E1}.Debug|iPhone.Build.0 = Debug|Any CPU
		{2435D17C-1642-4E5E-99DD-A982691314E1}.Debug|iPhoneSimulator.ActiveCfg = Debug|Any CPU
		{2435D17C-1642-4E5E-99DD-A982691314E1}.Debug|iPhoneSimulator.Build.0 = Debug|Any CPU
		{2435D17C-1642-4E5E-99DD-A982691314E1}.Debug|x64.ActiveCfg = Debug|Any CPU
		{2435D17C-1642-4E5E-99DD-A982691314E1}.Debug|x64.Build.0 = Debug|Any CPU
		{2435D17C-1642-4E5E-99DD-A982691314E1}.Debug|x86.ActiveCfg = Debug|Any CPU
		{2435D17C-1642-4E5E-99DD-A982691314E1}.Debug|x86.Build.0 = Debug|Any CPU
		{2435D17C-1642-4E5E-99DD-A982691314E1}.Release|Any CPU.ActiveCfg = Release|Any CPU
		{2435D17C-1642-4E5E-99DD-A982691314E1}.Release|Any CPU.Build.0 = Release|Any CPU
		{2435D17C-1642-4E5E-99DD-A982691314E1}.Release|iPhone.ActiveCfg = Release|Any CPU
		{2435D17C-1642-4E5E-99DD-A982691314E1}.Release|iPhone.Build.0 = Release|Any CPU
		{2435D17C-1642-4E5E-99DD-A982691314E1}.Release|iPhoneSimulator.ActiveCfg = Release|Any CPU
		{2435D17C-1642-4E5E-99DD-A982691314E1}.Release|iPhoneSimulator.Build.0 = Release|Any CPU
		{2435D17C-1642-4E5E-99DD-A982691314E1}.Release|x64.ActiveCfg = Release|Any CPU
		{2435D17C-1642-4E5E-99DD-A982691314E1}.Release|x64.Build.0 = Release|Any CPU
		{2435D17C-1642-4E5E-99DD-A982691314E1}.Release|x86.ActiveCfg = Release|Any CPU
		{2435D17C-1642-4E5E-99DD-A982691314E1}.Release|x86.Build.0 = Release|Any CPU
		{57564391-A816-4420-A864-DA697FDA8EA7}.Debug|Any CPU.ActiveCfg = Debug|Any CPU
		{57564391-A816-4420-A864-DA697FDA8EA7}.Debug|Any CPU.Build.0 = Debug|Any CPU
		{57564391-A816-4420-A864-DA697FDA8EA7}.Debug|iPhone.ActiveCfg = Debug|Any CPU
		{57564391-A816-4420-A864-DA697FDA8EA7}.Debug|iPhone.Build.0 = Debug|Any CPU
		{57564391-A816-4420-A864-DA697FDA8EA7}.Debug|iPhoneSimulator.ActiveCfg = Debug|Any CPU
		{57564391-A816-4420-A864-DA697FDA8EA7}.Debug|iPhoneSimulator.Build.0 = Debug|Any CPU
		{57564391-A816-4420-A864-DA697FDA8EA7}.Debug|x64.ActiveCfg = Debug|Any CPU
		{57564391-A816-4420-A864-DA697FDA8EA7}.Debug|x64.Build.0 = Debug|Any CPU
		{57564391-A816-4420-A864-DA697FDA8EA7}.Debug|x86.ActiveCfg = Debug|Any CPU
		{57564391-A816-4420-A864-DA697FDA8EA7}.Debug|x86.Build.0 = Debug|Any CPU
		{57564391-A816-4420-A864-DA697FDA8EA7}.Release|Any CPU.ActiveCfg = Release|Any CPU
		{57564391-A816-4420-A864-DA697FDA8EA7}.Release|Any CPU.Build.0 = Release|Any CPU
		{57564391-A816-4420-A864-DA697FDA8EA7}.Release|iPhone.ActiveCfg = Release|Any CPU
		{57564391-A816-4420-A864-DA697FDA8EA7}.Release|iPhone.Build.0 = Release|Any CPU
		{57564391-A816-4420-A864-DA697FDA8EA7}.Release|iPhoneSimulator.ActiveCfg = Release|Any CPU
		{57564391-A816-4420-A864-DA697FDA8EA7}.Release|iPhoneSimulator.Build.0 = Release|Any CPU
		{57564391-A816-4420-A864-DA697FDA8EA7}.Release|x64.ActiveCfg = Release|Any CPU
		{57564391-A816-4420-A864-DA697FDA8EA7}.Release|x64.Build.0 = Release|Any CPU
		{57564391-A816-4420-A864-DA697FDA8EA7}.Release|x86.ActiveCfg = Release|Any CPU
		{57564391-A816-4420-A864-DA697FDA8EA7}.Release|x86.Build.0 = Release|Any CPU
		{4634E945-AA5F-420B-B094-997A7CD20DC6}.Debug|Any CPU.ActiveCfg = Debug|Any CPU
		{4634E945-AA5F-420B-B094-997A7CD20DC6}.Debug|Any CPU.Build.0 = Debug|Any CPU
		{4634E945-AA5F-420B-B094-997A7CD20DC6}.Debug|iPhone.ActiveCfg = Debug|Any CPU
		{4634E945-AA5F-420B-B094-997A7CD20DC6}.Debug|iPhone.Build.0 = Debug|Any CPU
		{4634E945-AA5F-420B-B094-997A7CD20DC6}.Debug|iPhoneSimulator.ActiveCfg = Debug|Any CPU
		{4634E945-AA5F-420B-B094-997A7CD20DC6}.Debug|iPhoneSimulator.Build.0 = Debug|Any CPU
		{4634E945-AA5F-420B-B094-997A7CD20DC6}.Debug|x64.ActiveCfg = Debug|Any CPU
		{4634E945-AA5F-420B-B094-997A7CD20DC6}.Debug|x64.Build.0 = Debug|Any CPU
		{4634E945-AA5F-420B-B094-997A7CD20DC6}.Debug|x86.ActiveCfg = Debug|Any CPU
		{4634E945-AA5F-420B-B094-997A7CD20DC6}.Debug|x86.Build.0 = Debug|Any CPU
		{4634E945-AA5F-420B-B094-997A7CD20DC6}.Release|Any CPU.ActiveCfg = Release|Any CPU
		{4634E945-AA5F-420B-B094-997A7CD20DC6}.Release|Any CPU.Build.0 = Release|Any CPU
		{4634E945-AA5F-420B-B094-997A7CD20DC6}.Release|iPhone.ActiveCfg = Release|Any CPU
		{4634E945-AA5F-420B-B094-997A7CD20DC6}.Release|iPhone.Build.0 = Release|Any CPU
		{4634E945-AA5F-420B-B094-997A7CD20DC6}.Release|iPhoneSimulator.ActiveCfg = Release|Any CPU
		{4634E945-AA5F-420B-B094-997A7CD20DC6}.Release|iPhoneSimulator.Build.0 = Release|Any CPU
		{4634E945-AA5F-420B-B094-997A7CD20DC6}.Release|x64.ActiveCfg = Release|Any CPU
		{4634E945-AA5F-420B-B094-997A7CD20DC6}.Release|x64.Build.0 = Release|Any CPU
		{4634E945-AA5F-420B-B094-997A7CD20DC6}.Release|x86.ActiveCfg = Release|Any CPU
		{4634E945-AA5F-420B-B094-997A7CD20DC6}.Release|x86.Build.0 = Release|Any CPU
		{0D1E94DE-41D7-404F-87AA-170BAB38A3EA}.Debug|Any CPU.ActiveCfg = Debug|Any CPU
		{0D1E94DE-41D7-404F-87AA-170BAB38A3EA}.Debug|Any CPU.Build.0 = Debug|Any CPU
		{0D1E94DE-41D7-404F-87AA-170BAB38A3EA}.Debug|iPhone.ActiveCfg = Debug|Any CPU
		{0D1E94DE-41D7-404F-87AA-170BAB38A3EA}.Debug|iPhone.Build.0 = Debug|Any CPU
		{0D1E94DE-41D7-404F-87AA-170BAB38A3EA}.Debug|iPhoneSimulator.ActiveCfg = Debug|Any CPU
		{0D1E94DE-41D7-404F-87AA-170BAB38A3EA}.Debug|iPhoneSimulator.Build.0 = Debug|Any CPU
		{0D1E94DE-41D7-404F-87AA-170BAB38A3EA}.Debug|x64.ActiveCfg = Debug|Any CPU
		{0D1E94DE-41D7-404F-87AA-170BAB38A3EA}.Debug|x64.Build.0 = Debug|Any CPU
		{0D1E94DE-41D7-404F-87AA-170BAB38A3EA}.Debug|x86.ActiveCfg = Debug|Any CPU
		{0D1E94DE-41D7-404F-87AA-170BAB38A3EA}.Debug|x86.Build.0 = Debug|Any CPU
		{0D1E94DE-41D7-404F-87AA-170BAB38A3EA}.Release|Any CPU.ActiveCfg = Release|Any CPU
		{0D1E94DE-41D7-404F-87AA-170BAB38A3EA}.Release|Any CPU.Build.0 = Release|Any CPU
		{0D1E94DE-41D7-404F-87AA-170BAB38A3EA}.Release|iPhone.ActiveCfg = Release|Any CPU
		{0D1E94DE-41D7-404F-87AA-170BAB38A3EA}.Release|iPhone.Build.0 = Release|Any CPU
		{0D1E94DE-41D7-404F-87AA-170BAB38A3EA}.Release|iPhoneSimulator.ActiveCfg = Release|Any CPU
		{0D1E94DE-41D7-404F-87AA-170BAB38A3EA}.Release|iPhoneSimulator.Build.0 = Release|Any CPU
		{0D1E94DE-41D7-404F-87AA-170BAB38A3EA}.Release|x64.ActiveCfg = Release|Any CPU
		{0D1E94DE-41D7-404F-87AA-170BAB38A3EA}.Release|x64.Build.0 = Release|Any CPU
		{0D1E94DE-41D7-404F-87AA-170BAB38A3EA}.Release|x86.ActiveCfg = Release|Any CPU
		{0D1E94DE-41D7-404F-87AA-170BAB38A3EA}.Release|x86.Build.0 = Release|Any CPU
		{1A758430-29D2-4A03-8223-9C3CD270CC37}.Debug|Any CPU.ActiveCfg = Debug|Any CPU
		{1A758430-29D2-4A03-8223-9C3CD270CC37}.Debug|Any CPU.Build.0 = Debug|Any CPU
		{1A758430-29D2-4A03-8223-9C3CD270CC37}.Debug|Any CPU.Deploy.0 = Debug|Any CPU
		{1A758430-29D2-4A03-8223-9C3CD270CC37}.Debug|iPhone.ActiveCfg = Debug|Any CPU
		{1A758430-29D2-4A03-8223-9C3CD270CC37}.Debug|iPhone.Build.0 = Debug|Any CPU
		{1A758430-29D2-4A03-8223-9C3CD270CC37}.Debug|iPhone.Deploy.0 = Debug|Any CPU
		{1A758430-29D2-4A03-8223-9C3CD270CC37}.Debug|iPhoneSimulator.ActiveCfg = Debug|Any CPU
		{1A758430-29D2-4A03-8223-9C3CD270CC37}.Debug|iPhoneSimulator.Build.0 = Debug|Any CPU
		{1A758430-29D2-4A03-8223-9C3CD270CC37}.Debug|iPhoneSimulator.Deploy.0 = Debug|Any CPU
		{1A758430-29D2-4A03-8223-9C3CD270CC37}.Debug|x64.ActiveCfg = Debug|Any CPU
		{1A758430-29D2-4A03-8223-9C3CD270CC37}.Debug|x64.Build.0 = Debug|Any CPU
		{1A758430-29D2-4A03-8223-9C3CD270CC37}.Debug|x64.Deploy.0 = Debug|Any CPU
		{1A758430-29D2-4A03-8223-9C3CD270CC37}.Debug|x86.ActiveCfg = Debug|Any CPU
		{1A758430-29D2-4A03-8223-9C3CD270CC37}.Debug|x86.Build.0 = Debug|Any CPU
		{1A758430-29D2-4A03-8223-9C3CD270CC37}.Debug|x86.Deploy.0 = Debug|Any CPU
		{1A758430-29D2-4A03-8223-9C3CD270CC37}.Release|Any CPU.ActiveCfg = Release|Any CPU
		{1A758430-29D2-4A03-8223-9C3CD270CC37}.Release|Any CPU.Build.0 = Release|Any CPU
		{1A758430-29D2-4A03-8223-9C3CD270CC37}.Release|Any CPU.Deploy.0 = Release|Any CPU
		{1A758430-29D2-4A03-8223-9C3CD270CC37}.Release|iPhone.ActiveCfg = Release|Any CPU
		{1A758430-29D2-4A03-8223-9C3CD270CC37}.Release|iPhone.Build.0 = Release|Any CPU
		{1A758430-29D2-4A03-8223-9C3CD270CC37}.Release|iPhone.Deploy.0 = Release|Any CPU
		{1A758430-29D2-4A03-8223-9C3CD270CC37}.Release|iPhoneSimulator.ActiveCfg = Release|Any CPU
		{1A758430-29D2-4A03-8223-9C3CD270CC37}.Release|iPhoneSimulator.Build.0 = Release|Any CPU
		{1A758430-29D2-4A03-8223-9C3CD270CC37}.Release|iPhoneSimulator.Deploy.0 = Release|Any CPU
		{1A758430-29D2-4A03-8223-9C3CD270CC37}.Release|x64.ActiveCfg = Release|Any CPU
		{1A758430-29D2-4A03-8223-9C3CD270CC37}.Release|x64.Build.0 = Release|Any CPU
		{1A758430-29D2-4A03-8223-9C3CD270CC37}.Release|x64.Deploy.0 = Release|Any CPU
		{1A758430-29D2-4A03-8223-9C3CD270CC37}.Release|x86.ActiveCfg = Release|Any CPU
		{1A758430-29D2-4A03-8223-9C3CD270CC37}.Release|x86.Build.0 = Release|Any CPU
		{1A758430-29D2-4A03-8223-9C3CD270CC37}.Release|x86.Deploy.0 = Release|Any CPU
		{414AFD61-EE66-40D4-A433-4BBCC41D703C}.Debug|Any CPU.ActiveCfg = Debug|iPhone
		{414AFD61-EE66-40D4-A433-4BBCC41D703C}.Debug|iPhone.ActiveCfg = Debug|iPhone
		{414AFD61-EE66-40D4-A433-4BBCC41D703C}.Debug|iPhone.Build.0 = Debug|iPhone
		{414AFD61-EE66-40D4-A433-4BBCC41D703C}.Debug|iPhoneSimulator.ActiveCfg = Debug|iPhoneSimulator
		{414AFD61-EE66-40D4-A433-4BBCC41D703C}.Debug|iPhoneSimulator.Build.0 = Debug|iPhoneSimulator
		{414AFD61-EE66-40D4-A433-4BBCC41D703C}.Debug|x64.ActiveCfg = Debug|iPhone
		{414AFD61-EE66-40D4-A433-4BBCC41D703C}.Debug|x86.ActiveCfg = Debug|iPhone
		{414AFD61-EE66-40D4-A433-4BBCC41D703C}.Release|Any CPU.ActiveCfg = Release|iPhone
		{414AFD61-EE66-40D4-A433-4BBCC41D703C}.Release|iPhone.ActiveCfg = Release|iPhone
		{414AFD61-EE66-40D4-A433-4BBCC41D703C}.Release|iPhone.Build.0 = Release|iPhone
		{414AFD61-EE66-40D4-A433-4BBCC41D703C}.Release|iPhoneSimulator.ActiveCfg = Release|iPhoneSimulator
		{414AFD61-EE66-40D4-A433-4BBCC41D703C}.Release|iPhoneSimulator.Build.0 = Release|iPhoneSimulator
		{414AFD61-EE66-40D4-A433-4BBCC41D703C}.Release|x64.ActiveCfg = Release|iPhone
		{414AFD61-EE66-40D4-A433-4BBCC41D703C}.Release|x86.ActiveCfg = Release|iPhone
		{C5C35DF8-BB24-4CFC-9D45-F6A9F559FBC4}.Debug|Any CPU.ActiveCfg = Debug|Any CPU
		{C5C35DF8-BB24-4CFC-9D45-F6A9F559FBC4}.Debug|Any CPU.Build.0 = Debug|Any CPU
		{C5C35DF8-BB24-4CFC-9D45-F6A9F559FBC4}.Debug|iPhone.ActiveCfg = Debug|Any CPU
		{C5C35DF8-BB24-4CFC-9D45-F6A9F559FBC4}.Debug|iPhone.Build.0 = Debug|Any CPU
		{C5C35DF8-BB24-4CFC-9D45-F6A9F559FBC4}.Debug|iPhoneSimulator.ActiveCfg = Debug|Any CPU
		{C5C35DF8-BB24-4CFC-9D45-F6A9F559FBC4}.Debug|iPhoneSimulator.Build.0 = Debug|Any CPU
		{C5C35DF8-BB24-4CFC-9D45-F6A9F559FBC4}.Debug|x64.ActiveCfg = Debug|Any CPU
		{C5C35DF8-BB24-4CFC-9D45-F6A9F559FBC4}.Debug|x64.Build.0 = Debug|Any CPU
		{C5C35DF8-BB24-4CFC-9D45-F6A9F559FBC4}.Debug|x86.ActiveCfg = Debug|Any CPU
		{C5C35DF8-BB24-4CFC-9D45-F6A9F559FBC4}.Debug|x86.Build.0 = Debug|Any CPU
		{C5C35DF8-BB24-4CFC-9D45-F6A9F559FBC4}.Release|Any CPU.ActiveCfg = Release|Any CPU
		{C5C35DF8-BB24-4CFC-9D45-F6A9F559FBC4}.Release|Any CPU.Build.0 = Release|Any CPU
		{C5C35DF8-BB24-4CFC-9D45-F6A9F559FBC4}.Release|iPhone.ActiveCfg = Release|Any CPU
		{C5C35DF8-BB24-4CFC-9D45-F6A9F559FBC4}.Release|iPhone.Build.0 = Release|Any CPU
		{C5C35DF8-BB24-4CFC-9D45-F6A9F559FBC4}.Release|iPhoneSimulator.ActiveCfg = Release|Any CPU
		{C5C35DF8-BB24-4CFC-9D45-F6A9F559FBC4}.Release|iPhoneSimulator.Build.0 = Release|Any CPU
		{C5C35DF8-BB24-4CFC-9D45-F6A9F559FBC4}.Release|x64.ActiveCfg = Release|Any CPU
		{C5C35DF8-BB24-4CFC-9D45-F6A9F559FBC4}.Release|x64.Build.0 = Release|Any CPU
		{C5C35DF8-BB24-4CFC-9D45-F6A9F559FBC4}.Release|x86.ActiveCfg = Release|Any CPU
		{C5C35DF8-BB24-4CFC-9D45-F6A9F559FBC4}.Release|x86.Build.0 = Release|Any CPU
	EndGlobalSection
	GlobalSection(SolutionProperties) = preSolution
		HideSolutionNode = FALSE
	EndGlobalSection
	GlobalSection(ExtensibilityGlobals) = postSolution
		SolutionGuid = {BE6097F5-3F21-4E62-8F25-58B712CA09D3}
	EndGlobalSection
EndGlobal
